{
  "lockfile_version": "1",
  "packages": {
    "bun@1.0.22": {
      "last_modified": "2024-01-14T03:55:27Z",
      "resolved": "github:NixOS/nixpkgs/dd5621df6dcb90122b50da5ec31c411a0de3e538#bun",
      "source": "devbox-search",
      "version": "1.0.22",
      "systems": {
        "aarch64-darwin": {
          "store_path": "/nix/store/sxj1xfwn7153a5jr89d497vpxpx684iw-bun-1.0.22"
        },
        "aarch64-linux": {
          "store_path": "/nix/store/d00byhy46iyl1vyxs59xsn1q499i2xlv-bun-1.0.22"
        },
        "x86_64-linux": {
          "store_path": "/nix/store/3zinj1fjyaghpzl0wd3assqr5wsrc44s-bun-1.0.22"
        }
      }
    }
  }
}
